// !$*UTF8*$!
{
	archiveVersion = 1;
	classes = {
	};
	objectVersion = 46;
	objects = {

/* Begin PBXBuildFile section */
		A300922C19F53CD200DCDDED /* Main.storyboard in Resources */ = {isa = PBXBuildFile; fileRef = A300922A19F53CD200DCDDED /* Main.storyboard */; };
		A300923019F53D2200DCDDED /* 54-lock.png in Resources */ = {isa = PBXBuildFile; fileRef = A300922F19F53D2200DCDDED /* 54-lock.png */; };
		A300923219F53D5700DCDDED /* 18-envelope.png in Resources */ = {isa = PBXBuildFile; fileRef = A300923119F53D5700DCDDED /* 18-envelope.png */; };
		A30757E219E568DB00780C45 /* AppDelegate.swift in Sources */ = {isa = PBXBuildFile; fileRef = A30757E119E568DB00780C45 /* AppDelegate.swift */; };
		A30757E419E568DB00780C45 /* ViewController.swift in Sources */ = {isa = PBXBuildFile; fileRef = A30757E319E568DB00780C45 /* ViewController.swift */; };
		A30757E919E568DB00780C45 /* Images.xcassets in Resources */ = {isa = PBXBuildFile; fileRef = A30757E819E568DB00780C45 /* Images.xcassets */; };
		A30757EC19E568DB00780C45 /* LaunchScreen.xib in Resources */ = {isa = PBXBuildFile; fileRef = A30757EA19E568DB00780C45 /* LaunchScreen.xib */; };
		A30757F819E568DB00780C45 /* skizzelTests.swift in Sources */ = {isa = PBXBuildFile; fileRef = A30757F719E568DB00780C45 /* skizzelTests.swift */; };
		A307580219E568F500780C45 /* config.plist in Resources */ = {isa = PBXBuildFile; fileRef = A307580119E568F500780C45 /* config.plist */; };
		A307580619E5695500780C45 /* Utils.swift in Sources */ = {isa = PBXBuildFile; fileRef = A307580519E5695500780C45 /* Utils.swift */; };
		A307581219E5724E00780C45 /* APIController.swift in Sources */ = {isa = PBXBuildFile; fileRef = A307581119E5724E00780C45 /* APIController.swift */; };
		A307581C19E5735000780C45 /* Alamofire.framework in Frameworks */ = {isa = PBXBuildFile; fileRef = A307581919E572F200780C45 /* Alamofire.framework */; };
		A307581E19E5737C00780C45 /* Alamofire.framework in Copy Frameworks */ = {isa = PBXBuildFile; fileRef = A307581919E572F200780C45 /* Alamofire.framework */; settings = {ATTRIBUTES = (CodeSignOnCopy, RemoveHeadersOnCopy, ); }; };
		A307582219E57BDF00780C45 /* button.png in Resources */ = {isa = PBXBuildFile; fileRef = A307582119E57BDF00780C45 /* button.png */; };
		A307582419E57C0700780C45 /* register.png in Resources */ = {isa = PBXBuildFile; fileRef = A307582319E57C0700780C45 /* register.png */; };
		A307582619E57FAB00780C45 /* logo.png in Resources */ = {isa = PBXBuildFile; fileRef = A307582519E57FAB00780C45 /* logo.png */; };
		A30C768819E678D500212B35 /* UserModel.swift in Sources */ = {isa = PBXBuildFile; fileRef = A30C768719E678D500212B35 /* UserModel.swift */; };
		A30C768B19E6AE0200212B35 /* MainViewController.swift in Sources */ = {isa = PBXBuildFile; fileRef = A30C768A19E6AE0200212B35 /* MainViewController.swift */; };
		A30C768F19E6B58200212B35 /* RegisterViewController.swift in Sources */ = {isa = PBXBuildFile; fileRef = A30C768E19E6B58200212B35 /* RegisterViewController.swift */; };
		A30E38451A05237F000F8D12 /* loading_image_placeholder.gif in Resources */ = {isa = PBXBuildFile; fileRef = A30E38441A05237F000F8D12 /* loading_image_placeholder.gif */; };
		A31302DE19EFA98D002E76F2 /* image_placeholder.png in Resources */ = {isa = PBXBuildFile; fileRef = A31302DD19EFA98D002E76F2 /* image_placeholder.png */; };
		A31D9A7619EE50EB0058C6DC /* CategoriesModel.swift in Sources */ = {isa = PBXBuildFile; fileRef = A31D9A7519EE50EB0058C6DC /* CategoriesModel.swift */; };
		A33B5F6219F665E60058EAD1 /* TestViewController.swift in Sources */ = {isa = PBXBuildFile; fileRef = A33B5F6119F665E60058EAD1 /* TestViewController.swift */; };
		A37E86B919E6CD70004A8C0F /* MainViewTableViewCell.swift in Sources */ = {isa = PBXBuildFile; fileRef = A37E86B819E6CD70004A8C0F /* MainViewTableViewCell.swift */; };
		A37E86BB19E6CE28004A8C0F /* ReceiptModel.swift in Sources */ = {isa = PBXBuildFile; fileRef = A37E86BA19E6CE28004A8C0F /* ReceiptModel.swift */; };
		A390E1931A011A3C00D3F4B9 /* SwiftyJSON.swift in Sources */ = {isa = PBXBuildFile; fileRef = A390E1921A011A3C00D3F4B9 /* SwiftyJSON.swift */; };
		A39F5D5819F9467B00A486F4 /* ReceiptMonthsViewController.swift in Sources */ = {isa = PBXBuildFile; fileRef = A39F5D5719F9467B00A486F4 /* ReceiptMonthsViewController.swift */; };
		A39F5D5C19F946E500A486F4 /* ReceiptMonthsModel.swift in Sources */ = {isa = PBXBuildFile; fileRef = A39F5D5B19F946E500A486F4 /* ReceiptMonthsModel.swift */; };
		A39F5D5E19F9490E00A486F4 /* ReceiptMonthsTableViewCell.swift in Sources */ = {isa = PBXBuildFile; fileRef = A39F5D5D19F9490E00A486F4 /* ReceiptMonthsTableViewCell.swift */; };
		A3A5475C19ED59AB00D884FC /* AddReceiptTableViewController.swift in Sources */ = {isa = PBXBuildFile; fileRef = A3A5475B19ED59AB00D884FC /* AddReceiptTableViewController.swift */; };
		A3AC82BF19F2A0A2001B2E78 /* images.jpeg in Resources */ = {isa = PBXBuildFile; fileRef = A3AC82BD19F2A0A2001B2E78 /* images.jpeg */; };
		A3AC82C019F2A0A2001B2E78 /* back.png in Resources */ = {isa = PBXBuildFile; fileRef = A3AC82BE19F2A0A2001B2E78 /* back.png */; };
		A3AC82C419F3977C001B2E78 /* placeholder.png in Resources */ = {isa = PBXBuildFile; fileRef = A3AC82C319F3977C001B2E78 /* placeholder.png */; };
		A3BD5A9219FF8B0A003E9DD0 /* reveal-icon@2x.png in Resources */ = {isa = PBXBuildFile; fileRef = A3BD5A9119FF8B0A003E9DD0 /* reveal-icon@2x.png */; };
		A3BD5A9419FF8BD0003E9DD0 /* SettingsViewController.swift in Sources */ = {isa = PBXBuildFile; fileRef = A3BD5A9319FF8BD0003E9DD0 /* SettingsViewController.swift */; };
		A3BD5A9F19FFDB4F003E9DD0 /* 1.png in Resources */ = {isa = PBXBuildFile; fileRef = A3BD5A9D19FFDB4F003E9DD0 /* 1.png */; };
		A3BD5AA019FFDB4F003E9DD0 /* 2.png in Resources */ = {isa = PBXBuildFile; fileRef = A3BD5A9E19FFDB4F003E9DD0 /* 2.png */; };
		A3BD5AA219FFDC91003E9DD0 /* MillageViewController.swift in Sources */ = {isa = PBXBuildFile; fileRef = A3BD5AA119FFDC91003E9DD0 /* MillageViewController.swift */; };
		A3C1B9C11A091B1600659548 /* CoreLocation.framework in Frameworks */ = {isa = PBXBuildFile; fileRef = A3C1B9C01A091B1600659548 /* CoreLocation.framework */; };
		A3C49E0E19E965D100F1F2CB /* ReceiptImageModel.swift in Sources */ = {isa = PBXBuildFile; fileRef = A3C49E0D19E965D100F1F2CB /* ReceiptImageModel.swift */; };
		A3C49E1419E96B4700F1F2CB /* ReceiptImagesViewController.swift in Sources */ = {isa = PBXBuildFile; fileRef = A3C49E1319E96B4700F1F2CB /* ReceiptImagesViewController.swift */; };
		A3C49E1619E96C1C00F1F2CB /* ReceiptImagesCollectionViewCell.swift in Sources */ = {isa = PBXBuildFile; fileRef = A3C49E1519E96C1C00F1F2CB /* ReceiptImagesCollectionViewCell.swift */; };
		A3C6D4C119EEA2B8009BAF1E /* UIColor.swift in Sources */ = {isa = PBXBuildFile; fileRef = A3C6D4BF19EEA2B8009BAF1E /* UIColor.swift */; };
		A3C6D4C219EEA2B8009BAF1E /* ViewControllerUtils.swift in Sources */ = {isa = PBXBuildFile; fileRef = A3C6D4C019EEA2B8009BAF1E /* ViewControllerUtils.swift */; };
		A3C6D4C719EEAF77009BAF1E /* UploadImagesViewController.swift in Sources */ = {isa = PBXBuildFile; fileRef = A3C6D4C619EEAF77009BAF1E /* UploadImagesViewController.swift */; };
		A3C7B10719EBC60800F2B3FD /* ReceiptImageDetailViewController.swift in Sources */ = {isa = PBXBuildFile; fileRef = A3C7B10619EBC60800F2B3FD /* ReceiptImageDetailViewController.swift */; };
		A3E0C9E119F5682B00E05705 /* 111-user.png in Resources */ = {isa = PBXBuildFile; fileRef = A3E0C9E019F5682B00E05705 /* 111-user.png */; };
		A3E41F6519FCB72400955800 /* SideBarTableViewController.swift in Sources */ = {isa = PBXBuildFile; fileRef = A3E41F6419FCB72400955800 /* SideBarTableViewController.swift */; };
		A3E41F6919FCC47200955800 /* SideBar.swift in Sources */ = {isa = PBXBuildFile; fileRef = A3E41F6819FCC47200955800 /* SideBar.swift */; };
/* End PBXBuildFile section */

/* Begin PBXContainerItemProxy section */
		A30757F219E568DB00780C45 /* PBXContainerItemProxy */ = {
			isa = PBXContainerItemProxy;
			containerPortal = A30757D419E568DB00780C45 /* Project object */;
			proxyType = 1;
			remoteGlobalIDString = A30757DB19E568DB00780C45;
			remoteInfo = skizzel;
		};
		A307581819E572F200780C45 /* PBXContainerItemProxy */ = {
			isa = PBXContainerItemProxy;
			containerPortal = A307581319E572F200780C45 /* Alamofire.xcodeproj */;
			proxyType = 2;
			remoteGlobalIDString = F8111E3319A95C8B0040E7D1;
			remoteInfo = Alamofire;
		};
		A307581A19E572F200780C45 /* PBXContainerItemProxy */ = {
			isa = PBXContainerItemProxy;
			containerPortal = A307581319E572F200780C45 /* Alamofire.xcodeproj */;
			proxyType = 2;
			remoteGlobalIDString = F8111E3E19A95C8B0040E7D1;
			remoteInfo = AlamofireTests;
		};
/* End PBXContainerItemProxy section */

/* Begin PBXCopyFilesBuildPhase section */
		A307581D19E5735E00780C45 /* Copy Frameworks */ = {
			isa = PBXCopyFilesBuildPhase;
			buildActionMask = 2147483647;
			dstPath = "";
			dstSubfolderSpec = 10;
			files = (
				A307581E19E5737C00780C45 /* Alamofire.framework in Copy Frameworks */,
			);
			name = "Copy Frameworks";
			runOnlyForDeploymentPostprocessing = 0;
		};
/* End PBXCopyFilesBuildPhase section */

/* Begin PBXFileReference section */
		A300922B19F53CD200DCDDED /* Base */ = {isa = PBXFileReference; lastKnownFileType = file.storyboard; name = Base; path = Base.lproj/Main.storyboard; sourceTree = "<group>"; };
		A300922F19F53D2200DCDDED /* 54-lock.png */ = {isa = PBXFileReference; lastKnownFileType = image.png; path = "54-lock.png"; sourceTree = "<group>"; };
		A300923119F53D5700DCDDED /* 18-envelope.png */ = {isa = PBXFileReference; lastKnownFileType = image.png; path = "18-envelope.png"; sourceTree = "<group>"; };
		A30757DC19E568DB00780C45 /* skizzel.app */ = {isa = PBXFileReference; explicitFileType = wrapper.application; includeInIndex = 0; path = skizzel.app; sourceTree = BUILT_PRODUCTS_DIR; };
		A30757E019E568DB00780C45 /* Info.plist */ = {isa = PBXFileReference; lastKnownFileType = text.plist.xml; path = Info.plist; sourceTree = "<group>"; };
		A30757E119E568DB00780C45 /* AppDelegate.swift */ = {isa = PBXFileReference; lastKnownFileType = sourcecode.swift; path = AppDelegate.swift; sourceTree = "<group>"; };
		A30757E319E568DB00780C45 /* ViewController.swift */ = {isa = PBXFileReference; lastKnownFileType = sourcecode.swift; path = ViewController.swift; sourceTree = "<group>"; };
		A30757E819E568DB00780C45 /* Images.xcassets */ = {isa = PBXFileReference; lastKnownFileType = folder.assetcatalog; path = Images.xcassets; sourceTree = "<group>"; };
		A30757EB19E568DB00780C45 /* Base */ = {isa = PBXFileReference; lastKnownFileType = file.xib; name = Base; path = Base.lproj/LaunchScreen.xib; sourceTree = "<group>"; };
		A30757F119E568DB00780C45 /* skizzelTests.xctest */ = {isa = PBXFileReference; explicitFileType = wrapper.cfbundle; includeInIndex = 0; path = skizzelTests.xctest; sourceTree = BUILT_PRODUCTS_DIR; };
		A30757F619E568DB00780C45 /* Info.plist */ = {isa = PBXFileReference; lastKnownFileType = text.plist.xml; path = Info.plist; sourceTree = "<group>"; };
		A30757F719E568DB00780C45 /* skizzelTests.swift */ = {isa = PBXFileReference; lastKnownFileType = sourcecode.swift; path = skizzelTests.swift; sourceTree = "<group>"; };
		A307580119E568F500780C45 /* config.plist */ = {isa = PBXFileReference; fileEncoding = 4; lastKnownFileType = text.plist.xml; path = config.plist; sourceTree = "<group>"; };
		A307580519E5695500780C45 /* Utils.swift */ = {isa = PBXFileReference; fileEncoding = 4; lastKnownFileType = sourcecode.swift; path = Utils.swift; sourceTree = "<group>"; };
		A307581119E5724E00780C45 /* APIController.swift */ = {isa = PBXFileReference; fileEncoding = 4; lastKnownFileType = sourcecode.swift; path = APIController.swift; sourceTree = "<group>"; };
		A307581319E572F200780C45 /* Alamofire.xcodeproj */ = {isa = PBXFileReference; lastKnownFileType = "wrapper.pb-project"; name = Alamofire.xcodeproj; path = "../../../../../../Downloads/Alamofire-master/Alamofire.xcodeproj"; sourceTree = "<group>"; };
		A307582119E57BDF00780C45 /* button.png */ = {isa = PBXFileReference; lastKnownFileType = image.png; path = button.png; sourceTree = "<group>"; };
		A307582319E57C0700780C45 /* register.png */ = {isa = PBXFileReference; lastKnownFileType = image.png; path = register.png; sourceTree = "<group>"; };
		A307582519E57FAB00780C45 /* logo.png */ = {isa = PBXFileReference; lastKnownFileType = image.png; path = logo.png; sourceTree = "<group>"; };
		A30C768719E678D500212B35 /* UserModel.swift */ = {isa = PBXFileReference; fileEncoding = 4; lastKnownFileType = sourcecode.swift; path = UserModel.swift; sourceTree = "<group>"; };
		A30C768A19E6AE0200212B35 /* MainViewController.swift */ = {isa = PBXFileReference; fileEncoding = 4; lastKnownFileType = sourcecode.swift; path = MainViewController.swift; sourceTree = "<group>"; };
		A30C768E19E6B58200212B35 /* RegisterViewController.swift */ = {isa = PBXFileReference; fileEncoding = 4; lastKnownFileType = sourcecode.swift; path = RegisterViewController.swift; sourceTree = "<group>"; };
		A30E38441A05237F000F8D12 /* loading_image_placeholder.gif */ = {isa = PBXFileReference; lastKnownFileType = image.gif; path = loading_image_placeholder.gif; sourceTree = "<group>"; };
		A31302DD19EFA98D002E76F2 /* image_placeholder.png */ = {isa = PBXFileReference; lastKnownFileType = image.png; path = image_placeholder.png; sourceTree = "<group>"; };
		A31D9A7519EE50EB0058C6DC /* CategoriesModel.swift */ = {isa = PBXFileReference; fileEncoding = 4; lastKnownFileType = sourcecode.swift; path = CategoriesModel.swift; sourceTree = "<group>"; };
		A33B5F6119F665E60058EAD1 /* TestViewController.swift */ = {isa = PBXFileReference; fileEncoding = 4; lastKnownFileType = sourcecode.swift; path = TestViewController.swift; sourceTree = "<group>"; };
		A37E86B819E6CD70004A8C0F /* MainViewTableViewCell.swift */ = {isa = PBXFileReference; fileEncoding = 4; lastKnownFileType = sourcecode.swift; path = MainViewTableViewCell.swift; sourceTree = "<group>"; };
		A37E86BA19E6CE28004A8C0F /* ReceiptModel.swift */ = {isa = PBXFileReference; fileEncoding = 4; lastKnownFileType = sourcecode.swift; path = ReceiptModel.swift; sourceTree = "<group>"; };
		A390E1921A011A3C00D3F4B9 /* SwiftyJSON.swift */ = {isa = PBXFileReference; fileEncoding = 4; lastKnownFileType = sourcecode.swift; path = SwiftyJSON.swift; sourceTree = "<group>"; };
		A39F5D5719F9467B00A486F4 /* ReceiptMonthsViewController.swift */ = {isa = PBXFileReference; fileEncoding = 4; lastKnownFileType = sourcecode.swift; path = ReceiptMonthsViewController.swift; sourceTree = "<group>"; };
		A39F5D5B19F946E500A486F4 /* ReceiptMonthsModel.swift */ = {isa = PBXFileReference; fileEncoding = 4; lastKnownFileType = sourcecode.swift; path = ReceiptMonthsModel.swift; sourceTree = "<group>"; };
		A39F5D5D19F9490E00A486F4 /* ReceiptMonthsTableViewCell.swift */ = {isa = PBXFileReference; fileEncoding = 4; lastKnownFileType = sourcecode.swift; path = ReceiptMonthsTableViewCell.swift; sourceTree = "<group>"; };
		A3A5475B19ED59AB00D884FC /* AddReceiptTableViewController.swift */ = {isa = PBXFileReference; fileEncoding = 4; lastKnownFileType = sourcecode.swift; path = AddReceiptTableViewController.swift; sourceTree = "<group>"; };
		A3AC82BD19F2A0A2001B2E78 /* images.jpeg */ = {isa = PBXFileReference; lastKnownFileType = image.jpeg; path = images.jpeg; sourceTree = "<group>"; };
		A3AC82BE19F2A0A2001B2E78 /* back.png */ = {isa = PBXFileReference; lastKnownFileType = image.png; path = back.png; sourceTree = "<group>"; };
		A3AC82C319F3977C001B2E78 /* placeholder.png */ = {isa = PBXFileReference; lastKnownFileType = image.png; path = placeholder.png; sourceTree = "<group>"; };
		A3BD5A9119FF8B0A003E9DD0 /* reveal-icon@2x.png */ = {isa = PBXFileReference; lastKnownFileType = image.png; path = "reveal-icon@2x.png"; sourceTree = "<group>"; };
		A3BD5A9319FF8BD0003E9DD0 /* SettingsViewController.swift */ = {isa = PBXFileReference; fileEncoding = 4; lastKnownFileType = sourcecode.swift; path = SettingsViewController.swift; sourceTree = "<group>"; };
		A3BD5A9D19FFDB4F003E9DD0 /* 1.png */ = {isa = PBXFileReference; lastKnownFileType = image.png; path = 1.png; sourceTree = "<group>"; };
		A3BD5A9E19FFDB4F003E9DD0 /* 2.png */ = {isa = PBXFileReference; lastKnownFileType = image.png; path = 2.png; sourceTree = "<group>"; };
		A3BD5AA119FFDC91003E9DD0 /* MillageViewController.swift */ = {isa = PBXFileReference; fileEncoding = 4; lastKnownFileType = sourcecode.swift; path = MillageViewController.swift; sourceTree = "<group>"; };
		A3C1B9C01A091B1600659548 /* CoreLocation.framework */ = {isa = PBXFileReference; lastKnownFileType = wrapper.framework; name = CoreLocation.framework; path = System/Library/Frameworks/CoreLocation.framework; sourceTree = SDKROOT; };
		A3C49E0D19E965D100F1F2CB /* ReceiptImageModel.swift */ = {isa = PBXFileReference; fileEncoding = 4; lastKnownFileType = sourcecode.swift; path = ReceiptImageModel.swift; sourceTree = "<group>"; };
		A3C49E1319E96B4700F1F2CB /* ReceiptImagesViewController.swift */ = {isa = PBXFileReference; fileEncoding = 4; lastKnownFileType = sourcecode.swift; path = ReceiptImagesViewController.swift; sourceTree = "<group>"; };
		A3C49E1519E96C1C00F1F2CB /* ReceiptImagesCollectionViewCell.swift */ = {isa = PBXFileReference; fileEncoding = 4; lastKnownFileType = sourcecode.swift; path = ReceiptImagesCollectionViewCell.swift; sourceTree = "<group>"; };
		A3C6D4BF19EEA2B8009BAF1E /* UIColor.swift */ = {isa = PBXFileReference; fileEncoding = 4; lastKnownFileType = sourcecode.swift; path = UIColor.swift; sourceTree = "<group>"; };
		A3C6D4C019EEA2B8009BAF1E /* ViewControllerUtils.swift */ = {isa = PBXFileReference; fileEncoding = 4; lastKnownFileType = sourcecode.swift; path = ViewControllerUtils.swift; sourceTree = "<group>"; };
		A3C6D4C619EEAF77009BAF1E /* UploadImagesViewController.swift */ = {isa = PBXFileReference; fileEncoding = 4; lastKnownFileType = sourcecode.swift; path = UploadImagesViewController.swift; sourceTree = "<group>"; };
		A3C7B10619EBC60800F2B3FD /* ReceiptImageDetailViewController.swift */ = {isa = PBXFileReference; fileEncoding = 4; lastKnownFileType = sourcecode.swift; path = ReceiptImageDetailViewController.swift; sourceTree = "<group>"; };
		A3E0C9E019F5682B00E05705 /* 111-user.png */ = {isa = PBXFileReference; lastKnownFileType = image.png; path = "111-user.png"; sourceTree = "<group>"; };
		A3E41F6419FCB72400955800 /* SideBarTableViewController.swift */ = {isa = PBXFileReference; fileEncoding = 4; lastKnownFileType = sourcecode.swift; path = SideBarTableViewController.swift; sourceTree = "<group>"; };
		A3E41F6819FCC47200955800 /* SideBar.swift */ = {isa = PBXFileReference; fileEncoding = 4; lastKnownFileType = sourcecode.swift; path = SideBar.swift; sourceTree = "<group>"; };
/* End PBXFileReference section */

/* Begin PBXFrameworksBuildPhase section */
		A30757D919E568DB00780C45 /* Frameworks */ = {
			isa = PBXFrameworksBuildPhase;
			buildActionMask = 2147483647;
			files = (
				A3C1B9C11A091B1600659548 /* CoreLocation.framework in Frameworks */,
				A307581C19E5735000780C45 /* Alamofire.framework in Frameworks */,
			);
			runOnlyForDeploymentPostprocessing = 0;
		};
		A30757EE19E568DB00780C45 /* Frameworks */ = {
			isa = PBXFrameworksBuildPhase;
			buildActionMask = 2147483647;
			files = (
			);
			runOnlyForDeploymentPostprocessing = 0;
		};
/* End PBXFrameworksBuildPhase section */

/* Begin PBXGroup section */
		A30757D319E568DB00780C45 = {
			isa = PBXGroup;
			children = (
				A3C1B9C01A091B1600659548 /* CoreLocation.framework */,
				A307581319E572F200780C45 /* Alamofire.xcodeproj */,
				A30757DE19E568DB00780C45 /* skizzel */,
				A30757F419E568DB00780C45 /* skizzelTests */,
				A30757DD19E568DB00780C45 /* Products */,
			);
			sourceTree = "<group>";
		};
		A30757DD19E568DB00780C45 /* Products */ = {
			isa = PBXGroup;
			children = (
				A30757DC19E568DB00780C45 /* skizzel.app */,
				A30757F119E568DB00780C45 /* skizzelTests.xctest */,
			);
			name = Products;
			sourceTree = "<group>";
		};
		A30757DE19E568DB00780C45 /* skizzel */ = {
			isa = PBXGroup;
			children = (
				A33B5F6119F665E60058EAD1 /* TestViewController.swift */,
				A307581119E5724E00780C45 /* APIController.swift */,
				A30757E119E568DB00780C45 /* AppDelegate.swift */,
				A37E86B519E6CD42004A8C0F /* cells */,
				A30C768619E678BD00212B35 /* models */,
				A307580719E5696500780C45 /* controllers */,
				A307580419E5693400780C45 /* utils */,
				A30757E819E568DB00780C45 /* Images.xcassets */,
				A30757EA19E568DB00780C45 /* LaunchScreen.xib */,
				A300922A19F53CD200DCDDED /* Main.storyboard */,
				A30757DF19E568DB00780C45 /* Supporting Files */,
			);
			path = skizzel;
			sourceTree = "<group>";
		};
		A30757DF19E568DB00780C45 /* Supporting Files */ = {
			isa = PBXGroup;
			children = (
				A30E38441A05237F000F8D12 /* loading_image_placeholder.gif */,
				A3BD5A9D19FFDB4F003E9DD0 /* 1.png */,
				A3BD5A9E19FFDB4F003E9DD0 /* 2.png */,
				A3BD5A9119FF8B0A003E9DD0 /* reveal-icon@2x.png */,
				A3E0C9E019F5682B00E05705 /* 111-user.png */,
				A300923119F53D5700DCDDED /* 18-envelope.png */,
				A300922F19F53D2200DCDDED /* 54-lock.png */,
				A3AC82C319F3977C001B2E78 /* placeholder.png */,
				A3AC82BD19F2A0A2001B2E78 /* images.jpeg */,
				A3AC82BE19F2A0A2001B2E78 /* back.png */,
				A31302DD19EFA98D002E76F2 /* image_placeholder.png */,
				A307582519E57FAB00780C45 /* logo.png */,
				A307582319E57C0700780C45 /* register.png */,
				A307582119E57BDF00780C45 /* button.png */,
				A30757E019E568DB00780C45 /* Info.plist */,
				A307580119E568F500780C45 /* config.plist */,
			);
			name = "Supporting Files";
			sourceTree = "<group>";
		};
		A30757F419E568DB00780C45 /* skizzelTests */ = {
			isa = PBXGroup;
			children = (
				A30757F719E568DB00780C45 /* skizzelTests.swift */,
				A30757F519E568DB00780C45 /* Supporting Files */,
			);
			path = skizzelTests;
			sourceTree = "<group>";
		};
		A30757F519E568DB00780C45 /* Supporting Files */ = {
			isa = PBXGroup;
			children = (
				A30757F619E568DB00780C45 /* Info.plist */,
			);
			name = "Supporting Files";
			sourceTree = "<group>";
		};
		A307580419E5693400780C45 /* utils */ = {
			isa = PBXGroup;
			children = (
				A390E1921A011A3C00D3F4B9 /* SwiftyJSON.swift */,
				A3C6D4BF19EEA2B8009BAF1E /* UIColor.swift */,
				A3C6D4C019EEA2B8009BAF1E /* ViewControllerUtils.swift */,
				A307580519E5695500780C45 /* Utils.swift */,
			);
			name = utils;
			sourceTree = "<group>";
		};
		A307580719E5696500780C45 /* controllers */ = {
			isa = PBXGroup;
			children = (
				A30757E319E568DB00780C45 /* ViewController.swift */,
				A39F5D5719F9467B00A486F4 /* ReceiptMonthsViewController.swift */,
				A30C768A19E6AE0200212B35 /* MainViewController.swift */,
				A30C768E19E6B58200212B35 /* RegisterViewController.swift */,
				A3C49E1319E96B4700F1F2CB /* ReceiptImagesViewController.swift */,
				A3C7B10619EBC60800F2B3FD /* ReceiptImageDetailViewController.swift */,
				A3A5475B19ED59AB00D884FC /* AddReceiptTableViewController.swift */,
				A3C6D4C619EEAF77009BAF1E /* UploadImagesViewController.swift */,
				A3E41F6419FCB72400955800 /* SideBarTableViewController.swift */,
				A3E41F6819FCC47200955800 /* SideBar.swift */,
				A3BD5AA119FFDC91003E9DD0 /* MillageViewController.swift */,
				A3BD5A9319FF8BD0003E9DD0 /* SettingsViewController.swift */,
			);
			name = controllers;
			sourceTree = "<group>";
		};
		A307581419E572F200780C45 /* Products */ = {
			isa = PBXGroup;
			children = (
				A307581919E572F200780C45 /* Alamofire.framework */,
				A307581B19E572F200780C45 /* AlamofireTests.xctest */,
			);
			name = Products;
			sourceTree = "<group>";
		};
		A30C768619E678BD00212B35 /* models */ = {
			isa = PBXGroup;
			children = (
				A30C768719E678D500212B35 /* UserModel.swift */,
				A37E86BA19E6CE28004A8C0F /* ReceiptModel.swift */,
				A3C49E0D19E965D100F1F2CB /* ReceiptImageModel.swift */,
				A31D9A7519EE50EB0058C6DC /* CategoriesModel.swift */,
				A39F5D5B19F946E500A486F4 /* ReceiptMonthsModel.swift */,
			);
			name = models;
			sourceTree = "<group>";
		};
		A37E86B519E6CD42004A8C0F /* cells */ = {
			isa = PBXGroup;
			children = (
				A3C49E1519E96C1C00F1F2CB /* ReceiptImagesCollectionViewCell.swift */,
				A37E86B819E6CD70004A8C0F /* MainViewTableViewCell.swift */,
				A39F5D5D19F9490E00A486F4 /* ReceiptMonthsTableViewCell.swift */,
			);
			name = cells;
			sourceTree = "<group>";
		};
/* End PBXGroup section */

/* Begin PBXNativeTarget section */
		A30757DB19E568DB00780C45 /* skizzel */ = {
			isa = PBXNativeTarget;
			buildConfigurationList = A30757FB19E568DB00780C45 /* Build configuration list for PBXNativeTarget "skizzel" */;
			buildPhases = (
				A30757D819E568DB00780C45 /* Sources */,
				A30757D919E568DB00780C45 /* Frameworks */,
				A30757DA19E568DB00780C45 /* Resources */,
				A307581D19E5735E00780C45 /* Copy Frameworks */,
			);
			buildRules = (
			);
			dependencies = (
			);
			name = skizzel;
			productName = skizzel;
			productReference = A30757DC19E568DB00780C45 /* skizzel.app */;
			productType = "com.apple.product-type.application";
		};
		A30757F019E568DB00780C45 /* skizzelTests */ = {
			isa = PBXNativeTarget;
			buildConfigurationList = A30757FE19E568DB00780C45 /* Build configuration list for PBXNativeTarget "skizzelTests" */;
			buildPhases = (
				A30757ED19E568DB00780C45 /* Sources */,
				A30757EE19E568DB00780C45 /* Frameworks */,
				A30757EF19E568DB00780C45 /* Resources */,
			);
			buildRules = (
			);
			dependencies = (
				A30757F319E568DB00780C45 /* PBXTargetDependency */,
			);
			name = skizzelTests;
			productName = skizzelTests;
			productReference = A30757F119E568DB00780C45 /* skizzelTests.xctest */;
			productType = "com.apple.product-type.bundle.unit-test";
		};
/* End PBXNativeTarget section */

/* Begin PBXProject section */
		A30757D419E568DB00780C45 /* Project object */ = {
			isa = PBXProject;
			attributes = {
				LastUpgradeCheck = 0600;
				ORGANIZATIONNAME = "Luke Lanterme";
				TargetAttributes = {
					A30757DB19E568DB00780C45 = {
						CreatedOnToolsVersion = 6.0;
					};
					A30757F019E568DB00780C45 = {
						CreatedOnToolsVersion = 6.0;
						TestTargetID = A30757DB19E568DB00780C45;
					};
				};
			};
			buildConfigurationList = A30757D719E568DB00780C45 /* Build configuration list for PBXProject "skizzel" */;
			compatibilityVersion = "Xcode 3.2";
			developmentRegion = English;
			hasScannedForEncodings = 0;
			knownRegions = (
				en,
				Base,
			);
			mainGroup = A30757D319E568DB00780C45;
			productRefGroup = A30757DD19E568DB00780C45 /* Products */;
			projectDirPath = "";
			projectReferences = (
				{
					ProductGroup = A307581419E572F200780C45 /* Products */;
					ProjectRef = A307581319E572F200780C45 /* Alamofire.xcodeproj */;
				},
			);
			projectRoot = "";
			targets = (
				A30757DB19E568DB00780C45 /* skizzel */,
				A30757F019E568DB00780C45 /* skizzelTests */,
			);
		};
/* End PBXProject section */

/* Begin PBXReferenceProxy section */
		A307581919E572F200780C45 /* Alamofire.framework */ = {
			isa = PBXReferenceProxy;
			fileType = wrapper.framework;
			path = Alamofire.framework;
			remoteRef = A307581819E572F200780C45 /* PBXContainerItemProxy */;
			sourceTree = BUILT_PRODUCTS_DIR;
		};
		A307581B19E572F200780C45 /* AlamofireTests.xctest */ = {
			isa = PBXReferenceProxy;
			fileType = wrapper.cfbundle;
			path = AlamofireTests.xctest;
			remoteRef = A307581A19E572F200780C45 /* PBXContainerItemProxy */;
			sourceTree = BUILT_PRODUCTS_DIR;
		};
/* End PBXReferenceProxy section */

/* Begin PBXResourcesBuildPhase section */
		A30757DA19E568DB00780C45 /* Resources */ = {
			isa = PBXResourcesBuildPhase;
			buildActionMask = 2147483647;
			files = (
				A307580219E568F500780C45 /* config.plist in Resources */,
				A307582219E57BDF00780C45 /* button.png in Resources */,
				A3BD5AA019FFDB4F003E9DD0 /* 2.png in Resources */,
				A300922C19F53CD200DCDDED /* Main.storyboard in Resources */,
				A300923219F53D5700DCDDED /* 18-envelope.png in Resources */,
				A3BD5A9219FF8B0A003E9DD0 /* reveal-icon@2x.png in Resources */,
				A3AC82BF19F2A0A2001B2E78 /* images.jpeg in Resources */,
				A31302DE19EFA98D002E76F2 /* image_placeholder.png in Resources */,
				A3BD5A9F19FFDB4F003E9DD0 /* 1.png in Resources */,
				A3E0C9E119F5682B00E05705 /* 111-user.png in Resources */,
				A30757EC19E568DB00780C45 /* LaunchScreen.xib in Resources */,
				A30E38451A05237F000F8D12 /* loading_image_placeholder.gif in Resources */,
				A307582619E57FAB00780C45 /* logo.png in Resources */,
				A3AC82C019F2A0A2001B2E78 /* back.png in Resources */,
				A307582419E57C0700780C45 /* register.png in Resources */,
				A300923019F53D2200DCDDED /* 54-lock.png in Resources */,
				A3AC82C419F3977C001B2E78 /* placeholder.png in Resources */,
				A30757E919E568DB00780C45 /* Images.xcassets in Resources */,
			);
			runOnlyForDeploymentPostprocessing = 0;
		};
		A30757EF19E568DB00780C45 /* Resources */ = {
			isa = PBXResourcesBuildPhase;
			buildActionMask = 2147483647;
			files = (
			);
			runOnlyForDeploymentPostprocessing = 0;
		};
/* End PBXResourcesBuildPhase section */

/* Begin PBXSourcesBuildPhase section */
		A30757D819E568DB00780C45 /* Sources */ = {
			isa = PBXSourcesBuildPhase;
			buildActionMask = 2147483647;
			files = (
				A31D9A7619EE50EB0058C6DC /* CategoriesModel.swift in Sources */,
				A33B5F6219F665E60058EAD1 /* TestViewController.swift in Sources */,
				A3C6D4C219EEA2B8009BAF1E /* ViewControllerUtils.swift in Sources */,
				A3C6D4C719EEAF77009BAF1E /* UploadImagesViewController.swift in Sources */,
				A3C49E1419E96B4700F1F2CB /* ReceiptImagesViewController.swift in Sources */,
				A3E41F6519FCB72400955800 /* SideBarTableViewController.swift in Sources */,
				A307581219E5724E00780C45 /* APIController.swift in Sources */,
				A37E86B919E6CD70004A8C0F /* MainViewTableViewCell.swift in Sources */,
				A3BD5A9419FF8BD0003E9DD0 /* SettingsViewController.swift in Sources */,
				A3C49E0E19E965D100F1F2CB /* ReceiptImageModel.swift in Sources */,
				A3C6D4C119EEA2B8009BAF1E /* UIColor.swift in Sources */,
				A3E41F6919FCC47200955800 /* SideBar.swift in Sources */,
				A30757E419E568DB00780C45 /* ViewController.swift in Sources */,
				A3C49E1619E96C1C00F1F2CB /* ReceiptImagesCollectionViewCell.swift in Sources */,
				A39F5D5C19F946E500A486F4 /* ReceiptMonthsModel.swift in Sources */,
				A390E1931A011A3C00D3F4B9 /* SwiftyJSON.swift in Sources */,
				A30C768F19E6B58200212B35 /* RegisterViewController.swift in Sources */,
				A39F5D5819F9467B00A486F4 /* ReceiptMonthsViewController.swift in Sources */,
				A30757E219E568DB00780C45 /* AppDelegate.swift in Sources */,
				A3C7B10719EBC60800F2B3FD /* ReceiptImageDetailViewController.swift in Sources */,
				A37E86BB19E6CE28004A8C0F /* ReceiptModel.swift in Sources */,
				A30C768B19E6AE0200212B35 /* MainViewController.swift in Sources */,
				A30C768819E678D500212B35 /* UserModel.swift in Sources */,
				A3A5475C19ED59AB00D884FC /* AddReceiptTableViewController.swift in Sources */,
				A39F5D5E19F9490E00A486F4 /* ReceiptMonthsTableViewCell.swift in Sources */,
				A3BD5AA219FFDC91003E9DD0 /* MillageViewController.swift in Sources */,
				A307580619E5695500780C45 /* Utils.swift in Sources */,
			);
			runOnlyForDeploymentPostprocessing = 0;
		};
		A30757ED19E568DB00780C45 /* Sources */ = {
			isa = PBXSourcesBuildPhase;
			buildActionMask = 2147483647;
			files = (
				A30757F819E568DB00780C45 /* skizzelTests.swift in Sources */,
			);
			runOnlyForDeploymentPostprocessing = 0;
		};
/* End PBXSourcesBuildPhase section */

/* Begin PBXTargetDependency section */
		A30757F319E568DB00780C45 /* PBXTargetDependency */ = {
			isa = PBXTargetDependency;
			target = A30757DB19E568DB00780C45 /* skizzel */;
			targetProxy = A30757F219E568DB00780C45 /* PBXContainerItemProxy */;
		};
/* End PBXTargetDependency section */

/* Begin PBXVariantGroup section */
		A300922A19F53CD200DCDDED /* Main.storyboard */ = {
			isa = PBXVariantGroup;
			children = (
				A300922B19F53CD200DCDDED /* Base */,
			);
			name = Main.storyboard;
			sourceTree = "<group>";
		};
		A30757EA19E568DB00780C45 /* LaunchScreen.xib */ = {
			isa = PBXVariantGroup;
			children = (
				A30757EB19E568DB00780C45 /* Base */,
			);
			name = LaunchScreen.xib;
			sourceTree = "<group>";
		};
/* End PBXVariantGroup section */

/* Begin XCBuildConfiguration section */
		A30757F919E568DB00780C45 /* Debug */ = {
			isa = XCBuildConfiguration;
			buildSettings = {
				ALWAYS_SEARCH_USER_PATHS = NO;
				CLANG_CXX_LANGUAGE_STANDARD = "gnu++0x";
				CLANG_CXX_LIBRARY = "libc++";
				CLANG_ENABLE_MODULES = YES;
				CLANG_ENABLE_OBJC_ARC = YES;
				CLANG_WARN_BOOL_CONVERSION = YES;
				CLANG_WARN_CONSTANT_CONVERSION = YES;
				CLANG_WARN_DIRECT_OBJC_ISA_USAGE = YES_ERROR;
				CLANG_WARN_EMPTY_BODY = YES;
				CLANG_WARN_ENUM_CONVERSION = YES;
				CLANG_WARN_INT_CONVERSION = YES;
				CLANG_WARN_OBJC_ROOT_CLASS = YES_ERROR;
				CLANG_WARN_UNREACHABLE_CODE = YES;
				CLANG_WARN__DUPLICATE_METHOD_MATCH = YES;
				"CODE_SIGN_IDENTITY[sdk=iphoneos*]" = "iPhone Developer";
				COPY_PHASE_STRIP = NO;
				ENABLE_STRICT_OBJC_MSGSEND = YES;
				GCC_C_LANGUAGE_STANDARD = gnu99;
				GCC_DYNAMIC_NO_PIC = NO;
				GCC_OPTIMIZATION_LEVEL = 0;
				GCC_PREPROCESSOR_DEFINITIONS = (
					"DEBUG=1",
					"$(inherited)",
				);
				GCC_SYMBOLS_PRIVATE_EXTERN = NO;
				GCC_WARN_64_TO_32_BIT_CONVERSION = YES;
				GCC_WARN_ABOUT_RETURN_TYPE = YES_ERROR;
				GCC_WARN_UNDECLARED_SELECTOR = YES;
				GCC_WARN_UNINITIALIZED_AUTOS = YES_AGGRESSIVE;
				GCC_WARN_UNUSED_FUNCTION = YES;
				GCC_WARN_UNUSED_VARIABLE = YES;
				IPHONEOS_DEPLOYMENT_TARGET = 8.0;
				MTL_ENABLE_DEBUG_INFO = YES;
				ONLY_ACTIVE_ARCH = YES;
				SDKROOT = iphoneos;
				SWIFT_OBJC_BRIDGING_HEADER = "";
				SWIFT_OPTIMIZATION_LEVEL = "-Onone";
			};
			name = Debug;
		};
		A30757FA19E568DB00780C45 /* Release */ = {
			isa = XCBuildConfiguration;
			buildSettings = {
				ALWAYS_SEARCH_USER_PATHS = NO;
				CLANG_CXX_LANGUAGE_STANDARD = "gnu++0x";
				CLANG_CXX_LIBRARY = "libc++";
				CLANG_ENABLE_MODULES = YES;
				CLANG_ENABLE_OBJC_ARC = YES;
				CLANG_WARN_BOOL_CONVERSION = YES;
				CLANG_WARN_CONSTANT_CONVERSION = YES;
				CLANG_WARN_DIRECT_OBJC_ISA_USAGE = YES_ERROR;
				CLANG_WARN_EMPTY_BODY = YES;
				CLANG_WARN_ENUM_CONVERSION = YES;
				CLANG_WARN_INT_CONVERSION = YES;
				CLANG_WARN_OBJC_ROOT_CLASS = YES_ERROR;
				CLANG_WARN_UNREACHABLE_CODE = YES;
				CLANG_WARN__DUPLICATE_METHOD_MATCH = YES;
				"CODE_SIGN_IDENTITY[sdk=iphoneos*]" = "iPhone Developer";
				COPY_PHASE_STRIP = YES;
				ENABLE_NS_ASSERTIONS = NO;
				ENABLE_STRICT_OBJC_MSGSEND = YES;
				GCC_C_LANGUAGE_STANDARD = gnu99;
				GCC_WARN_64_TO_32_BIT_CONVERSION = YES;
				GCC_WARN_ABOUT_RETURN_TYPE = YES_ERROR;
				GCC_WARN_UNDECLARED_SELECTOR = YES;
				GCC_WARN_UNINITIALIZED_AUTOS = YES_AGGRESSIVE;
				GCC_WARN_UNUSED_FUNCTION = YES;
				GCC_WARN_UNUSED_VARIABLE = YES;
				IPHONEOS_DEPLOYMENT_TARGET = 8.0;
				MTL_ENABLE_DEBUG_INFO = NO;
				SDKROOT = iphoneos;
				SWIFT_OBJC_BRIDGING_HEADER = "";
				VALIDATE_PRODUCT = YES;
			};
			name = Release;
		};
		A30757FC19E568DB00780C45 /* Debug */ = {
			isa = XCBuildConfiguration;
			buildSettings = {
				ASSETCATALOG_COMPILER_APPICON_NAME = AppIcon;
				INFOPLIST_FILE = skizzel/Info.plist;
				LD_RUNPATH_SEARCH_PATHS = "$(inherited) @executable_path/Frameworks";
				PRODUCT_NAME = "$(TARGET_NAME)";
			};
			name = Debug;
		};
		A30757FD19E568DB00780C45 /* Release */ = {
			isa = XCBuildConfiguration;
			buildSettings = {
				ASSETCATALOG_COMPILER_APPICON_NAME = AppIcon;
				INFOPLIST_FILE = skizzel/Info.plist;
				LD_RUNPATH_SEARCH_PATHS = "$(inherited) @executable_path/Frameworks";
				PRODUCT_NAME = "$(TARGET_NAME)";
			};
			name = Release;
		};
		A30757FF19E568DB00780C45 /* Debug */ = {
			isa = XCBuildConfiguration;
			buildSettings = {
				BUNDLE_LOADER = "$(TEST_HOST)";
				FRAMEWORK_SEARCH_PATHS = (
					"$(SDKROOT)/Developer/Library/Frameworks",
					"$(inherited)",
				);
				GCC_PREPROCESSOR_DEFINITIONS = (
					"DEBUG=1",
					"$(inherited)",
				);
				INFOPLIST_FILE = skizzelTests/Info.plist;
				LD_RUNPATH_SEARCH_PATHS = "$(inherited) @executable_path/Frameworks @loader_path/Frameworks";
				PRODUCT_NAME = "$(TARGET_NAME)";
				TEST_HOST = "$(BUILT_PRODUCTS_DIR)/skizzel.app/skizzel";
			};
			name = Debug;
		};
		A307580019E568DB00780C45 /* Release */ = {
			isa = XCBuildConfiguration;
			buildSettings = {
				BUNDLE_LOADER = "$(TEST_HOST)";
				FRAMEWORK_SEARCH_PATHS = (
					"$(SDKROOT)/Developer/Library/Frameworks",
					"$(inherited)",
				);
				INFOPLIST_FILE = skizzelTests/Info.plist;
				LD_RUNPATH_SEARCH_PATHS = "$(inherited) @executable_path/Frameworks @loader_path/Frameworks";
				PRODUCT_NAME = "$(TARGET_NAME)";
				TEST_HOST = "$(BUILT_PRODUCTS_DIR)/skizzel.app/skizzel";
			};
			name = Release;
		};
/* End XCBuildConfiguration section */

/* Begin XCConfigurationList section */
		A30757D719E568DB00780C45 /* Build configuration list for PBXProject "skizzel" */ = {
			isa = XCConfigurationList;
			buildConfigurations = (
				A30757F919E568DB00780C45 /* Debug */,
				A30757FA19E568DB00780C45 /* Release */,
			);
			defaultConfigurationIsVisible = 0;
			defaultConfigurationName = Release;
		};
		A30757FB19E568DB00780C45 /* Build configuration list for PBXNativeTarget "skizzel" */ = {
			isa = XCConfigurationList;
			buildConfigurations = (
				A30757FC19E568DB00780C45 /* Debug */,
				A30757FD19E568DB00780C45 /* Release */,
			);
			defaultConfigurationIsVisible = 0;
			defaultConfigurationName = Release;
		};
		A30757FE19E568DB00780C45 /* Build configuration list for PBXNativeTarget "skizzelTests" */ = {
			isa = XCConfigurationList;
			buildConfigurations = (
				A30757FF19E568DB00780C45 /* Debug */,
				A307580019E568DB00780C45 /* Release */,
			);
			defaultConfigurationIsVisible = 0;
			defaultConfigurationName = Release;
		};
/* End XCConfigurationList section */
	};
	rootObject = A30757D419E568DB00780C45 /* Project object */;
}
